
Microsoft Visual Studio Solution File, Format Version 12.00
# Visual Studio 2013
VisualStudioVersion = 12.0.21005.1
MinimumVisualStudioVersion = 10.0.40219.1
Project("{FAE04EC0-301F-11D3-BF4B-00C04F79EFBC}") = "WebApplication1", "WebApplication1\WebApplication1.csproj", "{B96C4F3F-F6DD-41BD-9D2D-DE52380E0261}"
EndProject
Project("{FAE04EC0-301F-11D3-BF4B-00C04F79EFBC}") = "WebApplication1.Tests", "WebApplication1.Tests\WebApplication1.Tests.csproj", "{674D2236-9623-4F3A-B27D-4E15A9934472}"
EndProject
Project("{FAE04EC0-301F-11D3-BF4B-00C04F79EFBC}") = "UnitTestProject1", "UnitTestProject1\UnitTestProject1.csproj", "{59E473D1-F62A-455F-BFEF-3F0EB9E3CBA6}"
EndProject
Global
	GlobalSection(SolutionConfigurationPlatforms) = preSolution
		Debug|Any CPU = Debug|Any CPU
		Release|Any CPU = Release|Any CPU
	EndGlobalSection
	GlobalSection(ProjectConfigurationPlatforms) = postSolution
		{B96C4F3F-F6DD-41BD-9D2D-DE52380E0261}.Debug|Any CPU.ActiveCfg = Debug|Any CPU
		{B96C4F3F-F6DD-41BD-9D2D-DE52380E0261}.Debug|Any CPU.Build.0 = Debug|Any CPU
		{B96C4F3F-F6DD-41BD-9D2D-DE52380E0261}.Release|Any CPU.ActiveCfg = Release|Any CPU
		{B96C4F3F-F6DD-41BD-9D2D-DE52380E0261}.Release|Any CPU.Build.0 = Release|Any CPU
		{674D2236-9623-4F3A-B27D-4E15A9934472}.Debug|Any CPU.ActiveCfg = Debug|Any CPU
		{674D2236-9623-4F3A-B27D-4E15A9934472}.Debug|Any CPU.Build.0 = Debug|Any CPU
		{674D2236-9623-4F3A-B27D-4E15A9934472}.Release|Any CPU.ActiveCfg = Release|Any CPU
		{674D2236-9623-4F3A-B27D-4E15A9934472}.Release|Any CPU.Build.0 = Release|Any CPU
		{59E473D1-F62A-455F-BFEF-3F0EB9E3CBA6}.Debug|Any CPU.ActiveCfg = Debug|Any CPU
		{59E473D1-F62A-455F-BFEF-3F0EB9E3CBA6}.Debug|Any CPU.Build.0 = Debug|Any CPU
		{59E473D1-F62A-455F-BFEF-3F0EB9E3CBA6}.Release|Any CPU.ActiveCfg = Release|Any CPU
		{59E473D1-F62A-455F-BFEF-3F0EB9E3CBA6}.Release|Any CPU.Build.0 = Release|Any CPU
	EndGlobalSection
	GlobalSection(SolutionProperties) = preSolution
		HideSolutionNode = FALSE
	EndGlobalSection
EndGlobal
